
Microsoft Visual Studio Solution File, Format Version 12.00
Project("{2150E333-8FDC-42A3-9474-1A3956D46DE8}") = "Services", "Services", "{E25F57FD-CAE2-4429-9364-70116FFAC989}"
EndProject
Project("{2150E333-8FDC-42A3-9474-1A3956D46DE8}") = "Catalog", "Catalog", "{6F0FB747-20AE-4EFC-8CB1-0FA0B4B056A5}"
EndProject
Project("{FAE04EC0-301F-11D3-BF4B-00C04F79EFBC}") = "Catalog.Api", "Catalog.Api\Catalog.Api.csproj", "{7610D23C-5CF8-479B-88DD-4842C873794C}"
EndProject
Project("{2150E333-8FDC-42A3-9474-1A3956D46DE8}") = "BuildingBlocks", "BuildingBlocks", "{5B5780D4-AC82-4883-9AB8-C06E9D65EF53}"
EndProject
Project("{FAE04EC0-301F-11D3-BF4B-00C04F79EFBC}") = "BuildingBlocks", "BuildingBlocks\BuildingBlocks.csproj", "{859D503D-5862-4956-9E0E-C8D4F8D2F8AD}"
EndProject
Project("{2150E333-8FDC-42A3-9474-1A3956D46DE8}") = "Solution Items", "Solution Items", "{4981162C-599C-4955-9DD1-25BEF8639714}"
	ProjectSection(SolutionItems) = preProject
		compose.yaml = compose.yaml
	EndProjectSection
EndProject
Project("{2150E333-8FDC-42A3-9474-1A3956D46DE8}") = "Basket", "Basket", "{64BDE3EE-AA8D-46D4-A169-B0301F77F295}"
EndProject
Project("{FAE04EC0-301F-11D3-BF4B-00C04F79EFBC}") = "Basket.Api", "Basket.Api\Basket.Api.csproj", "{F5EA1693-3912-4FE4-9AC8-A6C9B289F77D}"
EndProject
Global
	GlobalSection(SolutionConfigurationPlatforms) = preSolution
		Debug|Any CPU = Debug|Any CPU
		Release|Any CPU = Release|Any CPU
	EndGlobalSection
	GlobalSection(ProjectConfigurationPlatforms) = postSolution
		{7610D23C-5CF8-479B-88DD-4842C873794C}.Debug|Any CPU.ActiveCfg = Debug|Any CPU
		{7610D23C-5CF8-479B-88DD-4842C873794C}.Debug|Any CPU.Build.0 = Debug|Any CPU
		{7610D23C-5CF8-479B-88DD-4842C873794C}.Release|Any CPU.ActiveCfg = Release|Any CPU
		{7610D23C-5CF8-479B-88DD-4842C873794C}.Release|Any CPU.Build.0 = Release|Any CPU
		{859D503D-5862-4956-9E0E-C8D4F8D2F8AD}.Debug|Any CPU.ActiveCfg = Debug|Any CPU
		{859D503D-5862-4956-9E0E-C8D4F8D2F8AD}.Debug|Any CPU.Build.0 = Debug|Any CPU
		{859D503D-5862-4956-9E0E-C8D4F8D2F8AD}.Release|Any CPU.ActiveCfg = Release|Any CPU
		{859D503D-5862-4956-9E0E-C8D4F8D2F8AD}.Release|Any CPU.Build.0 = Release|Any CPU
		{F5EA1693-3912-4FE4-9AC8-A6C9B289F77D}.Debug|Any CPU.ActiveCfg = Debug|Any CPU
		{F5EA1693-3912-4FE4-9AC8-A6C9B289F77D}.Debug|Any CPU.Build.0 = Debug|Any CPU
		{F5EA1693-3912-4FE4-9AC8-A6C9B289F77D}.Release|Any CPU.ActiveCfg = Release|Any CPU
		{F5EA1693-3912-4FE4-9AC8-A6C9B289F77D}.Release|Any CPU.Build.0 = Release|Any CPU
	EndGlobalSection
	GlobalSection(NestedProjects) = preSolution
		{6F0FB747-20AE-4EFC-8CB1-0FA0B4B056A5} = {E25F57FD-CAE2-4429-9364-70116FFAC989}
		{7610D23C-5CF8-479B-88DD-4842C873794C} = {6F0FB747-20AE-4EFC-8CB1-0FA0B4B056A5}
		{859D503D-5862-4956-9E0E-C8D4F8D2F8AD} = {5B5780D4-AC82-4883-9AB8-C06E9D65EF53}
		{64BDE3EE-AA8D-46D4-A169-B0301F77F295} = {E25F57FD-CAE2-4429-9364-70116FFAC989}
		{F5EA1693-3912-4FE4-9AC8-A6C9B289F77D} = {64BDE3EE-AA8D-46D4-A169-B0301F77F295}
	EndGlobalSection
EndGlobal
